// !$*UTF8*$!
{
	archiveVersion = 1;
	classes = {
	};
	objectVersion = 50;
	objects = {

/* Begin PBXBuildFile section */
		9A5A88B62461120400770256 /* A.wav in Resources */ = {isa = PBXBuildFile; fileRef = 9A5A88AF2461120400770256 /* A.wav */; };
		9A5A88B72461120400770256 /* C.wav in Resources */ = {isa = PBXBuildFile; fileRef = 9A5A88B02461120400770256 /* C.wav */; };
		9A5A88B82461120400770256 /* B.wav in Resources */ = {isa = PBXBuildFile; fileRef = 9A5A88B12461120400770256 /* B.wav */; };
		9A5A88B92461120400770256 /* F.wav in Resources */ = {isa = PBXBuildFile; fileRef = 9A5A88B22461120400770256 /* F.wav */; };
		9A5A88BA2461120400770256 /* G.wav in Resources */ = {isa = PBXBuildFile; fileRef = 9A5A88B32461120400770256 /* G.wav */; };
		9A5A88BB2461120400770256 /* E.wav in Resources */ = {isa = PBXBuildFile; fileRef = 9A5A88B42461120400770256 /* E.wav */; };
		9A5A88BC2461120400770256 /* D.wav in Resources */ = {isa = PBXBuildFile; fileRef = 9A5A88B52461120400770256 /* D.wav */; };
		9AA75AE8244BCF2A00AC4AAE /* AppDelegate.swift in Sources */ = {isa = PBXBuildFile; fileRef = 9AA75AE7244BCF2A00AC4AAE /* AppDelegate.swift */; };
		9AA75AEA244BCF2A00AC4AAE /* SceneDelegate.swift in Sources */ = {isa = PBXBuildFile; fileRef = 9AA75AE9244BCF2A00AC4AAE /* SceneDelegate.swift */; };
		9AA75AEC244BCF2A00AC4AAE /* ViewController.swift in Sources */ = {isa = PBXBuildFile; fileRef = 9AA75AEB244BCF2A00AC4AAE /* ViewController.swift */; };
		9AA75AEF244BCF2A00AC4AAE /* Main.storyboard in Resources */ = {isa = PBXBuildFile; fileRef = 9AA75AED244BCF2A00AC4AAE /* Main.storyboard */; };
		9AA75AF1244BCF2B00AC4AAE /* Assets.xcassets in Resources */ = {isa = PBXBuildFile; fileRef = 9AA75AF0244BCF2B00AC4AAE /* Assets.xcassets */; };
		9AA75AF4244BCF2B00AC4AAE /* LaunchScreen.storyboard in Resources */ = {isa = PBXBuildFile; fileRef = 9AA75AF2244BCF2B00AC4AAE /* LaunchScreen.storyboard */; };
/* End PBXBuildFile section */

/* Begin PBXFileReference section */
		9A5A88AF2461120400770256 /* A.wav */ = {isa = PBXFileReference; lastKnownFileType = audio.wav; path = A.wav; sourceTree = "<group>"; };
		9A5A88B02461120400770256 /* C.wav */ = {isa = PBXFileReference; lastKnownFileType = audio.wav; path = C.wav; sourceTree = "<group>"; };
		9A5A88B12461120400770256 /* B.wav */ = {isa = PBXFileReference; lastKnownFileType = audio.wav; path = B.wav; sourceTree = "<group>"; };
		9A5A88B22461120400770256 /* F.wav */ = {isa = PBXFileReference; lastKnownFileType = audio.wav; path = F.wav; sourceTree = "<group>"; };
		9A5A88B32461120400770256 /* G.wav */ = {isa = PBXFileReference; lastKnownFileType = audio.wav; path = G.wav; sourceTree = "<group>"; };
		9A5A88B42461120400770256 /* E.wav */ = {isa = PBXFileReference; lastKnownFileType = audio.wav; path = E.wav; sourceTree = "<group>"; };
		9A5A88B52461120400770256 /* D.wav */ = {isa = PBXFileReference; lastKnownFileType = audio.wav; path = D.wav; sourceTree = "<group>"; };
		9AA75AE4244BCF2A00AC4AAE /* Xylophone.app */ = {isa = PBXFileReference; explicitFileType = wrapper.application; includeInIndex = 0; path = Xylophone.app; sourceTree = BUILT_PRODUCTS_DIR; };
		9AA75AE7244BCF2A00AC4AAE /* AppDelegate.swift */ = {isa = PBXFileReference; lastKnownFileType = sourcecode.swift; path = AppDelegate.swift; sourceTree = "<group>"; };
		9AA75AE9244BCF2A00AC4AAE /* SceneDelegate.swift */ = {isa = PBXFileReference; lastKnownFileType = sourcecode.swift; path = SceneDelegate.swift; sourceTree = "<group>"; };
		9AA75AEB244BCF2A00AC4AAE /* ViewController.swift */ = {isa = PBXFileReference; lastKnownFileType = sourcecode.swift; path = ViewController.swift; sourceTree = "<group>"; };
		9AA75AEE244BCF2A00AC4AAE /* Base */ = {isa = PBXFileReference; lastKnownFileType = file.storyboard; name = Base; path = Base.lproj/Main.storyboard; sourceTree = "<group>"; };
		9AA75AF0244BCF2B00AC4AAE /* Assets.xcassets */ = {isa = PBXFileReference; lastKnownFileType = folder.assetcatalog; path = Assets.xcassets; sourceTree = "<group>"; };
		9AA75AF3244BCF2B00AC4AAE /* Base */ = {isa = PBXFileReference; lastKnownFileType = file.storyboard; name = Base; path = Base.lproj/LaunchScreen.storyboard; sourceTree = "<group>"; };
		9AA75AF5244BCF2B00AC4AAE /* Info.plist */ = {isa = PBXFileReference; lastKnownFileType = text.plist.xml; path = Info.plist; sourceTree = "<group>"; };
/* End PBXFileReference section */

/* Begin PBXFrameworksBuildPhase section */
		9AA75AE1244BCF2A00AC4AAE /* Frameworks */ = {
			isa = PBXFrameworksBuildPhase;
			buildActionMask = 2147483647;
			files = (
			);
			runOnlyForDeploymentPostprocessing = 0;
		};
/* End PBXFrameworksBuildPhase section */

/* Begin PBXGroup section */
		9A5A88AE2461120400770256 /* Sounds */ = {
			isa = PBXGroup;
			children = (
				9A5A88AF2461120400770256 /* A.wav */,
				9A5A88B02461120400770256 /* C.wav */,
				9A5A88B12461120400770256 /* B.wav */,
				9A5A88B22461120400770256 /* F.wav */,
				9A5A88B32461120400770256 /* G.wav */,
				9A5A88B42461120400770256 /* E.wav */,
				9A5A88B52461120400770256 /* D.wav */,
			);
			path = Sounds;
			sourceTree = "<group>";
		};
		9AA75ADB244BCF2A00AC4AAE = {
			isa = PBXGroup;
			children = (
				9AA75AE6244BCF2A00AC4AAE /* Xylophone */,
				9AA75AE5244BCF2A00AC4AAE /* Products */,
			);
			sourceTree = "<group>";
		};
		9AA75AE5244BCF2A00AC4AAE /* Products */ = {
			isa = PBXGroup;
			children = (
				9AA75AE4244BCF2A00AC4AAE /* Xylophone.app */,
			);
			name = Products;
			sourceTree = "<group>";
		};
		9AA75AE6244BCF2A00AC4AAE /* Xylophone */ = {
			isa = PBXGroup;
			children = (
				9AA75AE7244BCF2A00AC4AAE /* AppDelegate.swift */,
				9AA75AE9244BCF2A00AC4AAE /* SceneDelegate.swift */,
				9AA75AEB244BCF2A00AC4AAE /* ViewController.swift */,
				9AA75AED244BCF2A00AC4AAE /* Main.storyboard */,
				9AA75AF0244BCF2B00AC4AAE /* Assets.xcassets */,
				9AA75AF2244BCF2B00AC4AAE /* LaunchScreen.storyboard */,
				9AA75AF5244BCF2B00AC4AAE /* Info.plist */,
				9A5A88AE2461120400770256 /* Sounds */,
			);
			path = Xylophone;
			sourceTree = "<group>";
		};
/* End PBXGroup section */

/* Begin PBXNativeTarget section */
		9AA75AE3244BCF2A00AC4AAE /* Xylophone */ = {
			isa = PBXNativeTarget;
			buildConfigurationList = 9AA75AF8244BCF2B00AC4AAE /* Build configuration list for PBXNativeTarget "Xylophone" */;
			buildPhases = (
				9AA75AE0244BCF2A00AC4AAE /* Sources */,
				9AA75AE1244BCF2A00AC4AAE /* Frameworks */,
				9AA75AE2244BCF2A00AC4AAE /* Resources */,
			);
			buildRules = (
			);
			dependencies = (
			);
			name = Xylophone;
			productName = Xylophone;
			productReference = 9AA75AE4244BCF2A00AC4AAE /* Xylophone.app */;
			productType = "com.apple.product-type.application";
		};
/* End PBXNativeTarget section */

/* Begin PBXProject section */
		9AA75ADC244BCF2A00AC4AAE /* Project object */ = {
			isa = PBXProject;
			attributes = {
				LastSwiftUpdateCheck = 1120;
				LastUpgradeCheck = 1120;
				ORGANIZATIONNAME = "Maricel Sumulong";
				TargetAttributes = {
					9AA75AE3244BCF2A00AC4AAE = {
						CreatedOnToolsVersion = 11.2;
					};
				};
			};
			buildConfigurationList = 9AA75ADF244BCF2A00AC4AAE /* Build configuration list for PBXProject "Xylophone" */;
			compatibilityVersion = "Xcode 9.3";
			developmentRegion = en;
			hasScannedForEncodings = 0;
			knownRegions = (
				en,
				Base,
			);
			mainGroup = 9AA75ADB244BCF2A00AC4AAE;
			productRefGroup = 9AA75AE5244BCF2A00AC4AAE /* Products */;
			projectDirPath = "";
			projectRoot = "";
			targets = (
				9AA75AE3244BCF2A00AC4AAE /* Xylophone */,
			);
		};
/* End PBXProject section */

/* Begin PBXResourcesBuildPhase section */
		9AA75AE2244BCF2A00AC4AAE /* Resources */ = {
			isa = PBXResourcesBuildPhase;
			buildActionMask = 2147483647;
			files = (
				9A5A88BA2461120400770256 /* G.wav in Resources */,
				9AA75AF4244BCF2B00AC4AAE /* LaunchScreen.storyboard in Resources */,
				9A5A88B92461120400770256 /* F.wav in Resources */,
				9AA75AF1244BCF2B00AC4AAE /* Assets.xcassets in Resources */,
				9A5A88B62461120400770256 /* A.wav in Resources */,
				9A5A88B82461120400770256 /* B.wav in Resources */,
				9A5A88BB2461120400770256 /* E.wav in Resources */,
				9A5A88BC2461120400770256 /* D.wav in Resources */,
				9AA75AEF244BCF2A00AC4AAE /* Main.storyboard in Resources */,
				9A5A88B72461120400770256 /* C.wav in Resources */,
			);
			runOnlyForDeploymentPostprocessing = 0;
		};
/* End PBXResourcesBuildPhase section */

/* Begin PBXSourcesBuildPhase section */
		9AA75AE0244BCF2A00AC4AAE /* Sources */ = {
			isa = PBXSourcesBuildPhase;
			buildActionMask = 2147483647;
			files = (
				9AA75AEC244BCF2A00AC4AAE /* ViewController.swift in Sources */,
				9AA75AE8244BCF2A00AC4AAE /* AppDelegate.swift in Sources */,
				9AA75AEA244BCF2A00AC4AAE /* SceneDelegate.swift in Sources */,
			);
			runOnlyForDeploymentPostprocessing = 0;
		};
/* End PBXSourcesBuildPhase section */

/* Begin PBXVariantGroup section */
		9AA75AED244BCF2A00AC4AAE /* Main.storyboard */ = {
			isa = PBXVariantGroup;
			children = (
				9AA75AEE244BCF2A00AC4AAE /* Base */,
			);
			name = Main.storyboard;
			sourceTree = "<group>";
		};
		9AA75AF2244BCF2B00AC4AAE /* LaunchScreen.storyboard */ = {
			isa = PBXVariantGroup;
			children = (
				9AA75AF3244BCF2B00AC4AAE /* Base */,
			);
			name = LaunchScreen.storyboard;
			sourceTree = "<group>";
		};
/* End PBXVariantGroup section */

/* Begin XCBuildConfiguration section */
		9AA75AF6244BCF2B00AC4AAE /* Debug */ = {
			isa = XCBuildConfiguration;
			buildSettings = {
				ALWAYS_SEARCH_USER_PATHS = NO;
				CLANG_ANALYZER_NONNULL = YES;
				CLANG_ANALYZER_NUMBER_OBJECT_CONVERSION = YES_AGGRESSIVE;
				CLANG_CXX_LANGUAGE_STANDARD = "gnu++14";
				CLANG_CXX_LIBRARY = "libc++";
				CLANG_ENABLE_MODULES = YES;
				CLANG_ENABLE_OBJC_ARC = YES;
				CLANG_ENABLE_OBJC_WEAK = YES;
				CLANG_WARN_BLOCK_CAPTURE_AUTORELEASING = YES;
				CLANG_WARN_BOOL_CONVERSION = YES;
				CLANG_WARN_COMMA = YES;
				CLANG_WARN_CONSTANT_CONVERSION = YES;
				CLANG_WARN_DEPRECATED_OBJC_IMPLEMENTATIONS = YES;
				CLANG_WARN_DIRECT_OBJC_ISA_USAGE = YES_ERROR;
				CLANG_WARN_DOCUMENTATION_COMMENTS = YES;
				CLANG_WARN_EMPTY_BODY = YES;
				CLANG_WARN_ENUM_CONVERSION = YES;
				CLANG_WARN_INFINITE_RECURSION = YES;
				CLANG_WARN_INT_CONVERSION = YES;
				CLANG_WARN_NON_LITERAL_NULL_CONVERSION = YES;
				CLANG_WARN_OBJC_IMPLICIT_RETAIN_SELF = YES;
				CLANG_WARN_OBJC_LITERAL_CONVERSION = YES;
				CLANG_WARN_OBJC_ROOT_CLASS = YES_ERROR;
				CLANG_WARN_RANGE_LOOP_ANALYSIS = YES;
				CLANG_WARN_STRICT_PROTOTYPES = YES;
				CLANG_WARN_SUSPICIOUS_MOVE = YES;
				CLANG_WARN_UNGUARDED_AVAILABILITY = YES_AGGRESSIVE;
				CLANG_WARN_UNREACHABLE_CODE = YES;
				CLANG_WARN__DUPLICATE_METHOD_MATCH = YES;
				COPY_PHASE_STRIP = NO;
				DEBUG_INFORMATION_FORMAT = dwarf;
				ENABLE_STRICT_OBJC_MSGSEND = YES;
				ENABLE_TESTABILITY = YES;
				GCC_C_LANGUAGE_STANDARD = gnu11;
				GCC_DYNAMIC_NO_PIC = NO;
				GCC_NO_COMMON_BLOCKS = YES;
				GCC_OPTIMIZATION_LEVEL = 0;
				GCC_PREPROCESSOR_DEFINITIONS = (
					"DEBUG=1",
					"$(inherited)",
				);
				GCC_WARN_64_TO_32_BIT_CONVERSION = YES;
				GCC_WARN_ABOUT_RETURN_TYPE = YES_ERROR;
				GCC_WARN_UNDECLARED_SELECTOR = YES;
				GCC_WARN_UNINITIALIZED_AUTOS = YES_AGGRESSIVE;
				GCC_WARN_UNUSED_FUNCTION = YES;
				GCC_WARN_UNUSED_VARIABLE = YES;
				IPHONEOS_DEPLOYMENT_TARGET = 13.2;
				MTL_ENABLE_DEBUG_INFO = INCLUDE_SOURCE;
				MTL_FAST_MATH = YES;
				ONLY_ACTIVE_ARCH = YES;
				SDKROOT = iphoneos;
				SWIFT_ACTIVE_COMPILATION_CONDITIONS = DEBUG;
				SWIFT_OPTIMIZATION_LEVEL = "-Onone";
			};
			name = Debug;
		};
		9AA75AF7244BCF2B00AC4AAE /* Release */ = {
			isa = XCBuildConfiguration;
			buildSettings = {
				ALWAYS_SEARCH_USER_PATHS = NO;
				CLANG_ANALYZER_NONNULL = YES;
				CLANG_ANALYZER_NUMBER_OBJECT_CONVERSION = YES_AGGRESSIVE;
				CLANG_CXX_LANGUAGE_STANDARD = "gnu++14";
				CLANG_CXX_LIBRARY = "libc++";
				CLANG_ENABLE_MODULES = YES;
				CLANG_ENABLE_OBJC_ARC = YES;
				CLANG_ENABLE_OBJC_WEAK = YES;
				CLANG_WARN_BLOCK_CAPTURE_AUTORELEASING = YES;
				CLANG_WARN_BOOL_CONVERSION = YES;
				CLANG_WARN_COMMA = YES;
				CLANG_WARN_CONSTANT_CONVERSION = YES;
				CLANG_WARN_DEPRECATED_OBJC_IMPLEMENTATIONS = YES;
				CLANG_WARN_DIRECT_OBJC_ISA_USAGE = YES_ERROR;
				CLANG_WARN_DOCUMENTATION_COMMENTS = YES;
				CLANG_WARN_EMPTY_BODY = YES;
				CLANG_WARN_ENUM_CONVERSION = YES;
				CLANG_WARN_INFINITE_RECURSION = YES;
				CLANG_WARN_INT_CONVERSION = YES;
				CLANG_WARN_NON_LITERAL_NULL_CONVERSION = YES;
				CLANG_WARN_OBJC_IMPLICIT_RETAIN_SELF = YES;
				CLANG_WARN_OBJC_LITERAL_CONVERSION = YES;
				CLANG_WARN_OBJC_ROOT_CLASS = YES_ERROR;
				CLANG_WARN_RANGE_LOOP_ANALYSIS = YES;
				CLANG_WARN_STRICT_PROTOTYPES = YES;
				CLANG_WARN_SUSPICIOUS_MOVE = YES;
				CLANG_WARN_UNGUARDED_AVAILABILITY = YES_AGGRESSIVE;
				CLANG_WARN_UNREACHABLE_CODE = YES;
				CLANG_WARN__DUPLICATE_METHOD_MATCH = YES;
				COPY_PHASE_STRIP = NO;
				DEBUG_INFORMATION_FORMAT = "dwarf-with-dsym";
				ENABLE_NS_ASSERTIONS = NO;
				ENABLE_STRICT_OBJC_MSGSEND = YES;
				GCC_C_LANGUAGE_STANDARD = gnu11;
				GCC_NO_COMMON_BLOCKS = YES;
				GCC_WARN_64_TO_32_BIT_CONVERSION = YES;
				GCC_WARN_ABOUT_RETURN_TYPE = YES_ERROR;
				GCC_WARN_UNDECLARED_SELECTOR = YES;
				GCC_WARN_UNINITIALIZED_AUTOS = YES_AGGRESSIVE;
				GCC_WARN_UNUSED_FUNCTION = YES;
				GCC_WARN_UNUSED_VARIABLE = YES;
				IPHONEOS_DEPLOYMENT_TARGET = 13.2;
				MTL_ENABLE_DEBUG_INFO = NO;
				MTL_FAST_MATH = YES;
				SDKROOT = iphoneos;
				SWIFT_COMPILATION_MODE = wholemodule;
				SWIFT_OPTIMIZATION_LEVEL = "-O";
				VALIDATE_PRODUCT = YES;
			};
			name = Release;
		};
		9AA75AF9244BCF2B00AC4AAE /* Debug */ = {
			isa = XCBuildConfiguration;
			buildSettings = {
				ASSETCATALOG_COMPILER_APPICON_NAME = AppIcon;
				CODE_SIGN_STYLE = Automatic;
				DEVELOPMENT_TEAM = C76ZC5RLMX;
				INFOPLIST_FILE = Xylophone/Info.plist;
				LD_RUNPATH_SEARCH_PATHS = (
					"$(inherited)",
					"@executable_path/Frameworks",
				);
				PRODUCT_BUNDLE_IDENTIFIER = com.azhellesumulong.Xylophone;
				PRODUCT_NAME = "$(TARGET_NAME)";
				SWIFT_VERSION = 5.0;
				TARGETED_DEVICE_FAMILY = "1,2";
			};
			name = Debug;
		};
		9AA75AFA244BCF2B00AC4AAE /* Release */ = {
			isa = XCBuildConfiguration;
			buildSettings = {
				ASSETCATALOG_COMPILER_APPICON_NAME = AppIcon;
				CODE_SIGN_STYLE = Automatic;
				DEVELOPMENT_TEAM = C76ZC5RLMX;
				INFOPLIST_FILE = Xylophone/Info.plist;
				LD_RUNPATH_SEARCH_PATHS = (
					"$(inherited)",
					"@executable_path/Frameworks",
				);
				PRODUCT_BUNDLE_IDENTIFIER = com.azhellesumulong.Xylophone;
				PRODUCT_NAME = "$(TARGET_NAME)";
				SWIFT_VERSION = 5.0;
				TARGETED_DEVICE_FAMILY = "1,2";
			};
			name = Release;
		};
/* End XCBuildConfiguration section */

/* Begin XCConfigurationList section */
		9AA75ADF244BCF2A00AC4AAE /* Build configuration list for PBXProject "Xylophone" */ = {
			isa = XCConfigurationList;
			buildConfigurations = (
				9AA75AF6244BCF2B00AC4AAE /* Debug */,
				9AA75AF7244BCF2B00AC4AAE /* Release */,
			);
			defaultConfigurationIsVisible = 0;
			defaultConfigurationName = Release;
		};
		9AA75AF8244BCF2B00AC4AAE /* Build configuration list for PBXNativeTarget "Xylophone" */ = {
			isa = XCConfigurationList;
			buildConfigurations = (
				9AA75AF9244BCF2B00AC4AAE /* Debug */,
				9AA75AFA244BCF2B00AC4AAE /* Release */,
			);
			defaultConfigurationIsVisible = 0;
			defaultConfigurationName = Release;
		};
/* End XCConfigurationList section */
	};
	rootObject = 9AA75ADC244BCF2A00AC4AAE /* Project object */;
}
